
Microsoft Visual Studio Solution File, Format Version 12.00
Project("{FAE04EC0-301F-11D3-BF4B-00C04F79EFBC}") = "WEB_Quiz1", "WEB_Quiz1.csproj", "{4170F972-BBBB-4E57-85A9-CAF6796742E7}"
EndProject
Global
	GlobalSection(SolutionConfigurationPlatforms) = preSolution
		Debug|Any CPU = Debug|Any CPU
		Release|Any CPU = Release|Any CPU
	EndGlobalSection
	GlobalSection(ProjectConfigurationPlatforms) = postSolution
		{4170F972-BBBB-4E57-85A9-CAF6796742E7}.Debug|Any CPU.ActiveCfg = Debug|Any CPU
		{4170F972-BBBB-4E57-85A9-CAF6796742E7}.Debug|Any CPU.Build.0 = Debug|Any CPU
		{4170F972-BBBB-4E57-85A9-CAF6796742E7}.Release|Any CPU.ActiveCfg = Release|Any CPU
		{4170F972-BBBB-4E57-85A9-CAF6796742E7}.Release|Any CPU.Build.0 = Release|Any CPU
	EndGlobalSection
EndGlobal
